
Microsoft Visual Studio Solution File, Format Version 12.00
# Visual Studio Version 16
VisualStudioVersion = 16.0.30413.136
MinimumVisualStudioVersion = 10.0.40219.1
Project("{FAE04EC0-301F-11D3-BF4B-00C04F79EFBC}") = "prjWinCsRemaxAdminApp", "prjWinCsRemaxAdminApp\prjWinCsRemaxAdminApp.csproj", "{0F78EF5F-7617-45B7-A328-1C065A9060EC}"
EndProject
Global
	GlobalSection(SolutionConfigurationPlatforms) = preSolution
		Debug|Any CPU = Debug|Any CPU
		Release|Any CPU = Release|Any CPU
	EndGlobalSection
	GlobalSection(ProjectConfigurationPlatforms) = postSolution
		{0F78EF5F-7617-45B7-A328-1C065A9060EC}.Debug|Any CPU.ActiveCfg = Debug|Any CPU
		{0F78EF5F-7617-45B7-A328-1C065A9060EC}.Debug|Any CPU.Build.0 = Debug|Any CPU
		{0F78EF5F-7617-45B7-A328-1C065A9060EC}.Release|Any CPU.ActiveCfg = Release|Any CPU
		{0F78EF5F-7617-45B7-A328-1C065A9060EC}.Release|Any CPU.Build.0 = Release|Any CPU
	EndGlobalSection
	GlobalSection(SolutionProperties) = preSolution
		HideSolutionNode = FALSE
	EndGlobalSection
	GlobalSection(ExtensibilityGlobals) = postSolution
		SolutionGuid = {CD6036B5-7354-4A29-B517-2AD8C46606FB}
	EndGlobalSection
EndGlobal
